
Microsoft Visual Studio Solution File, Format Version 12.00
# Visual Studio Version 17
VisualStudioVersion = 17.13.35931.197
MinimumVisualStudioVersion = 10.0.40219.1
Project("{FAE04EC0-301F-11D3-BF4B-00C04F79EFBC}") = "webjooneli", "webjooneli.csproj", "{56463C44-5FA8-4691-823A-AD418A615559}"
EndProject
Global
	GlobalSection(SolutionConfigurationPlatforms) = preSolution
		Debug|Any CPU = Debug|Any CPU
		Release|Any CPU = Release|Any CPU
	EndGlobalSection
	GlobalSection(ProjectConfigurationPlatforms) = postSolution
		{56463C44-5FA8-4691-823A-AD418A615559}.Debug|Any CPU.ActiveCfg = Debug|Any CPU
		{56463C44-5FA8-4691-823A-AD418A615559}.Debug|Any CPU.Build.0 = Debug|Any CPU
		{56463C44-5FA8-4691-823A-AD418A615559}.Release|Any CPU.ActiveCfg = Release|Any CPU
		{56463C44-5FA8-4691-823A-AD418A615559}.Release|Any CPU.Build.0 = Release|Any CPU
	EndGlobalSection
	GlobalSection(SolutionProperties) = preSolution
		HideSolutionNode = FALSE
	EndGlobalSection
	GlobalSection(ExtensibilityGlobals) = postSolution
		SolutionGuid = {74756FBC-287B-4B7E-A4EE-75A9E946ED4B}
	EndGlobalSection
EndGlobal
